// !$*UTF8*$!
{
	archiveVersion = 1;
	classes = {
	};
	objectVersion = 48;
	objects = {

/* Begin PBXBuildFile section */
		185834691F869AC300C868C1 /* AppDelegate.m in Sources */ = {isa = PBXBuildFile; fileRef = 185834681F869AC300C868C1 /* AppDelegate.m */; };
		1858346C1F869AC300C868C1 /* ViewController.m in Sources */ = {isa = PBXBuildFile; fileRef = 1858346B1F869AC300C868C1 /* ViewController.m */; };
		1858346F1F869AC300C868C1 /* Main.storyboard in Resources */ = {isa = PBXBuildFile; fileRef = 1858346D1F869AC300C868C1 /* Main.storyboard */; };
		185834711F869AC300C868C1 /* Assets.xcassets in Resources */ = {isa = PBXBuildFile; fileRef = 185834701F869AC300C868C1 /* Assets.xcassets */; };
		185834741F869AC300C868C1 /* LaunchScreen.storyboard in Resources */ = {isa = PBXBuildFile; fileRef = 185834721F869AC300C868C1 /* LaunchScreen.storyboard */; };
		185834771F869AC300C868C1 /* main.m in Sources */ = {isa = PBXBuildFile; fileRef = 185834761F869AC300C868C1 /* main.m */; };
		1858347F1F869AF500C868C1 /* LocationConverter.m in Sources */ = {isa = PBXBuildFile; fileRef = 1858347D1F869AF500C868C1 /* LocationConverter.m */; };
		185834811F869B3600C868C1 /* README.md in Resources */ = {isa = PBXBuildFile; fileRef = 185834801F869B3600C868C1 /* README.md */; };
		185834831F869B7B00C868C1 /* Location.gpx in Resources */ = {isa = PBXBuildFile; fileRef = 185834821F869B7B00C868C1 /* Location.gpx */; };
		185834861F86A0A900C868C1 /* CLLocation+GPSBasedExtensions.m in Sources */ = {isa = PBXBuildFile; fileRef = 185834851F86A0A900C868C1 /* CLLocation+GPSBasedExtensions.m */; };
		185834891F86A13000C868C1 /* NSDictionary+CLLocationBasedExtensions.m in Sources */ = {isa = PBXBuildFile; fileRef = 185834881F86A13000C868C1 /* NSDictionary+CLLocationBasedExtensions.m */; };
		1858348C1F86A5BF00C868C1 /* ChangePhotoGPSController.m in Sources */ = {isa = PBXBuildFile; fileRef = 1858348B1F86A5BF00C868C1 /* ChangePhotoGPSController.m */; };
		1858348F1F86A6C000C868C1 /* UploadImageView.m in Sources */ = {isa = PBXBuildFile; fileRef = 1858348E1F86A6C000C868C1 /* UploadImageView.m */; };
		185834921F86A6E100C868C1 /* UIToast.m in Sources */ = {isa = PBXBuildFile; fileRef = 185834911F86A6E100C868C1 /* UIToast.m */; };
/* End PBXBuildFile section */

/* Begin PBXFileReference section */
		185834641F869AC300C868C1 /* CustomGPS.app */ = {isa = PBXFileReference; explicitFileType = wrapper.application; includeInIndex = 0; path = CustomGPS.app; sourceTree = BUILT_PRODUCTS_DIR; };
		185834671F869AC300C868C1 /* AppDelegate.h */ = {isa = PBXFileReference; lastKnownFileType = sourcecode.c.h; path = AppDelegate.h; sourceTree = "<group>"; };
		185834681F869AC300C868C1 /* AppDelegate.m */ = {isa = PBXFileReference; lastKnownFileType = sourcecode.c.objc; path = AppDelegate.m; sourceTree = "<group>"; };
		1858346A1F869AC300C868C1 /* ViewController.h */ = {isa = PBXFileReference; lastKnownFileType = sourcecode.c.h; path = ViewController.h; sourceTree = "<group>"; };
		1858346B1F869AC300C868C1 /* ViewController.m */ = {isa = PBXFileReference; lastKnownFileType = sourcecode.c.objc; path = ViewController.m; sourceTree = "<group>"; };
		1858346E1F869AC300C868C1 /* Base */ = {isa = PBXFileReference; lastKnownFileType = file.storyboard; name = Base; path = Base.lproj/Main.storyboard; sourceTree = "<group>"; };
		185834701F869AC300C868C1 /* Assets.xcassets */ = {isa = PBXFileReference; lastKnownFileType = folder.assetcatalog; path = Assets.xcassets; sourceTree = "<group>"; };
		185834731F869AC300C868C1 /* Base */ = {isa = PBXFileReference; lastKnownFileType = file.storyboard; name = Base; path = Base.lproj/LaunchScreen.storyboard; sourceTree = "<group>"; };
		185834751F869AC300C868C1 /* Info.plist */ = {isa = PBXFileReference; lastKnownFileType = text.plist.xml; path = Info.plist; sourceTree = "<group>"; };
		185834761F869AC300C868C1 /* main.m */ = {isa = PBXFileReference; lastKnownFileType = sourcecode.c.objc; path = main.m; sourceTree = "<group>"; };
		1858347D1F869AF500C868C1 /* LocationConverter.m */ = {isa = PBXFileReference; fileEncoding = 4; lastKnownFileType = sourcecode.c.objc; path = LocationConverter.m; sourceTree = "<group>"; };
		1858347E1F869AF500C868C1 /* LocationConverter.h */ = {isa = PBXFileReference; fileEncoding = 4; lastKnownFileType = sourcecode.c.h; path = LocationConverter.h; sourceTree = "<group>"; };
		185834801F869B3600C868C1 /* README.md */ = {isa = PBXFileReference; fileEncoding = 4; lastKnownFileType = net.daringfireball.markdown; path = README.md; sourceTree = SOURCE_ROOT; };
		185834821F869B7B00C868C1 /* Location.gpx */ = {isa = PBXFileReference; lastKnownFileType = text.xml; path = Location.gpx; sourceTree = "<group>"; };
		185834841F86A0A900C868C1 /* CLLocation+GPSBasedExtensions.h */ = {isa = PBXFileReference; lastKnownFileType = sourcecode.c.h; path = "CLLocation+GPSBasedExtensions.h"; sourceTree = "<group>"; };
		185834851F86A0A900C868C1 /* CLLocation+GPSBasedExtensions.m */ = {isa = PBXFileReference; lastKnownFileType = sourcecode.c.objc; path = "CLLocation+GPSBasedExtensions.m"; sourceTree = "<group>"; };
		185834871F86A13000C868C1 /* NSDictionary+CLLocationBasedExtensions.h */ = {isa = PBXFileReference; lastKnownFileType = sourcecode.c.h; path = "NSDictionary+CLLocationBasedExtensions.h"; sourceTree = "<group>"; };
		185834881F86A13000C868C1 /* NSDictionary+CLLocationBasedExtensions.m */ = {isa = PBXFileReference; lastKnownFileType = sourcecode.c.objc; path = "NSDictionary+CLLocationBasedExtensions.m"; sourceTree = "<group>"; };
		1858348A1F86A5BF00C868C1 /* ChangePhotoGPSController.h */ = {isa = PBXFileReference; lastKnownFileType = sourcecode.c.h; path = ChangePhotoGPSController.h; sourceTree = "<group>"; };
		1858348B1F86A5BF00C868C1 /* ChangePhotoGPSController.m */ = {isa = PBXFileReference; lastKnownFileType = sourcecode.c.objc; path = ChangePhotoGPSController.m; sourceTree = "<group>"; };
		1858348D1F86A6C000C868C1 /* UploadImageView.h */ = {isa = PBXFileReference; fileEncoding = 4; lastKnownFileType = sourcecode.c.h; path = UploadImageView.h; sourceTree = "<group>"; };
		1858348E1F86A6C000C868C1 /* UploadImageView.m */ = {isa = PBXFileReference; fileEncoding = 4; lastKnownFileType = sourcecode.c.objc; path = UploadImageView.m; sourceTree = "<group>"; };
		185834901F86A6E100C868C1 /* UIToast.h */ = {isa = PBXFileReference; fileEncoding = 4; lastKnownFileType = sourcecode.c.h; path = UIToast.h; sourceTree = "<group>"; };
		185834911F86A6E100C868C1 /* UIToast.m */ = {isa = PBXFileReference; fileEncoding = 4; lastKnownFileType = sourcecode.c.objc; path = UIToast.m; sourceTree = "<group>"; };
/* End PBXFileReference section */

/* Begin PBXFrameworksBuildPhase section */
		185834611F869AC300C868C1 /* Frameworks */ = {
			isa = PBXFrameworksBuildPhase;
			buildActionMask = 2147483647;
			files = (
			);
			runOnlyForDeploymentPostprocessing = 0;
		};
/* End PBXFrameworksBuildPhase section */

/* Begin PBXGroup section */
		1858345B1F869AC300C868C1 = {
			isa = PBXGroup;
			children = (
				185834661F869AC300C868C1 /* CustomGPS */,
				185834651F869AC300C868C1 /* Products */,
			);
			sourceTree = "<group>";
		};
		185834651F869AC300C868C1 /* Products */ = {
			isa = PBXGroup;
			children = (
				185834641F869AC300C868C1 /* CustomGPS.app */,
			);
			name = Products;
			sourceTree = "<group>";
		};
		185834661F869AC300C868C1 /* CustomGPS */ = {
			isa = PBXGroup;
			children = (
				1858347E1F869AF500C868C1 /* LocationConverter.h */,
				1858347D1F869AF500C868C1 /* LocationConverter.m */,
				185834841F86A0A900C868C1 /* CLLocation+GPSBasedExtensions.h */,
				185834851F86A0A900C868C1 /* CLLocation+GPSBasedExtensions.m */,
				185834871F86A13000C868C1 /* NSDictionary+CLLocationBasedExtensions.h */,
				185834881F86A13000C868C1 /* NSDictionary+CLLocationBasedExtensions.m */,
				185834671F869AC300C868C1 /* AppDelegate.h */,
				185834681F869AC300C868C1 /* AppDelegate.m */,
				1858346A1F869AC300C868C1 /* ViewController.h */,
				1858346B1F869AC300C868C1 /* ViewController.m */,
				1858348A1F86A5BF00C868C1 /* ChangePhotoGPSController.h */,
				1858348B1F86A5BF00C868C1 /* ChangePhotoGPSController.m */,
				1858348D1F86A6C000C868C1 /* UploadImageView.h */,
				1858348E1F86A6C000C868C1 /* UploadImageView.m */,
				185834901F86A6E100C868C1 /* UIToast.h */,
				185834911F86A6E100C868C1 /* UIToast.m */,
				1858346D1F869AC300C868C1 /* Main.storyboard */,
				185834701F869AC300C868C1 /* Assets.xcassets */,
				185834721F869AC300C868C1 /* LaunchScreen.storyboard */,
				185834751F869AC300C868C1 /* Info.plist */,
				185834761F869AC300C868C1 /* main.m */,
				185834801F869B3600C868C1 /* README.md */,
				185834821F869B7B00C868C1 /* Location.gpx */,
			);
			path = CustomGPS;
			sourceTree = "<group>";
		};
/* End PBXGroup section */

/* Begin PBXNativeTarget section */
		185834631F869AC300C868C1 /* CustomGPS */ = {
			isa = PBXNativeTarget;
			buildConfigurationList = 1858347A1F869AC300C868C1 /* Build configuration list for PBXNativeTarget "CustomGPS" */;
			buildPhases = (
				185834601F869AC300C868C1 /* Sources */,
				185834611F869AC300C868C1 /* Frameworks */,
				185834621F869AC300C868C1 /* Resources */,
			);
			buildRules = (
			);
			dependencies = (
			);
			name = CustomGPS;
			productName = CustomGPS;
			productReference = 185834641F869AC300C868C1 /* CustomGPS.app */;
			productType = "com.apple.product-type.application";
		};
/* End PBXNativeTarget section */

/* Begin PBXProject section */
		1858345C1F869AC300C868C1 /* Project object */ = {
			isa = PBXProject;
			attributes = {
				LastUpgradeCheck = 0910;
				ORGANIZATIONNAME = Ossey;
				TargetAttributes = {
					185834631F869AC300C868C1 = {
						CreatedOnToolsVersion = 9.1;
						ProvisioningStyle = Automatic;
					};
				};
			};
			buildConfigurationList = 1858345F1F869AC300C868C1 /* Build configuration list for PBXProject "CustomGPS" */;
			compatibilityVersion = "Xcode 8.0";
			developmentRegion = en;
			hasScannedForEncodings = 0;
			knownRegions = (
				en,
				Base,
			);
			mainGroup = 1858345B1F869AC300C868C1;
			productRefGroup = 185834651F869AC300C868C1 /* Products */;
			projectDirPath = "";
			projectRoot = "";
			targets = (
				185834631F869AC300C868C1 /* CustomGPS */,
			);
		};
/* End PBXProject section */

/* Begin PBXResourcesBuildPhase section */
		185834621F869AC300C868C1 /* Resources */ = {
			isa = PBXResourcesBuildPhase;
			buildActionMask = 2147483647;
			files = (
				185834741F869AC300C868C1 /* LaunchScreen.storyboard in Resources */,
				185834711F869AC300C868C1 /* Assets.xcassets in Resources */,
				185834831F869B7B00C868C1 /* Location.gpx in Resources */,
				185834811F869B3600C868C1 /* README.md in Resources */,
				1858346F1F869AC300C868C1 /* Main.storyboard in Resources */,
			);
			runOnlyForDeploymentPostprocessing = 0;
		};
/* End PBXResourcesBuildPhase section */

/* Begin PBXSourcesBuildPhase section */
		185834601F869AC300C868C1 /* Sources */ = {
			isa = PBXSourcesBuildPhase;
			buildActionMask = 2147483647;
			files = (
				185834891F86A13000C868C1 /* NSDictionary+CLLocationBasedExtensions.m in Sources */,
				1858346C1F869AC300C868C1 /* ViewController.m in Sources */,
				185834921F86A6E100C868C1 /* UIToast.m in Sources */,
				185834861F86A0A900C868C1 /* CLLocation+GPSBasedExtensions.m in Sources */,
				185834771F869AC300C868C1 /* main.m in Sources */,
				185834691F869AC300C868C1 /* AppDelegate.m in Sources */,
				1858348C1F86A5BF00C868C1 /* ChangePhotoGPSController.m in Sources */,
				1858347F1F869AF500C868C1 /* LocationConverter.m in Sources */,
				1858348F1F86A6C000C868C1 /* UploadImageView.m in Sources */,
			);
			runOnlyForDeploymentPostprocessing = 0;
		};
/* End PBXSourcesBuildPhase section */

/* Begin PBXVariantGroup section */
		1858346D1F869AC300C868C1 /* Main.storyboard */ = {
			isa = PBXVariantGroup;
			children = (
				1858346E1F869AC300C868C1 /* Base */,
			);
			name = Main.storyboard;
			sourceTree = "<group>";
		};
		185834721F869AC300C868C1 /* LaunchScreen.storyboard */ = {
			isa = PBXVariantGroup;
			children = (
				185834731F869AC300C868C1 /* Base */,
			);
			name = LaunchScreen.storyboard;
			sourceTree = "<group>";
		};
/* End PBXVariantGroup section */

/* Begin XCBuildConfiguration section */
		185834781F869AC300C868C1 /* Debug */ = {
			isa = XCBuildConfiguration;
			buildSettings = {
				ALWAYS_SEARCH_USER_PATHS = NO;
				CLANG_ANALYZER_NONNULL = YES;
				CLANG_ANALYZER_NUMBER_OBJECT_CONVERSION = YES_AGGRESSIVE;
				CLANG_CXX_LANGUAGE_STANDARD = "gnu++14";
				CLANG_CXX_LIBRARY = "libc++";
				CLANG_ENABLE_MODULES = YES;
				CLANG_ENABLE_OBJC_ARC = YES;
				CLANG_WARN_BLOCK_CAPTURE_AUTORELEASING = YES;
				CLANG_WARN_BOOL_CONVERSION = YES;
				CLANG_WARN_COMMA = YES;
				CLANG_WARN_CONSTANT_CONVERSION = YES;
				CLANG_WARN_DIRECT_OBJC_ISA_USAGE = YES_ERROR;
				CLANG_WARN_DOCUMENTATION_COMMENTS = YES;
				CLANG_WARN_EMPTY_BODY = YES;
				CLANG_WARN_ENUM_CONVERSION = YES;
				CLANG_WARN_INFINITE_RECURSION = YES;
				CLANG_WARN_INT_CONVERSION = YES;
				CLANG_WARN_NON_LITERAL_NULL_CONVERSION = YES;
				CLANG_WARN_OBJC_LITERAL_CONVERSION = YES;
				CLANG_WARN_OBJC_ROOT_CLASS = YES_ERROR;
				CLANG_WARN_RANGE_LOOP_ANALYSIS = YES;
				CLANG_WARN_STRICT_PROTOTYPES = YES;
				CLANG_WARN_SUSPICIOUS_MOVE = YES;
				CLANG_WARN_UNGUARDED_AVAILABILITY = YES_AGGRESSIVE;
				CLANG_WARN_UNREACHABLE_CODE = YES;
				CLANG_WARN__DUPLICATE_METHOD_MATCH = YES;
				CODE_SIGN_IDENTITY = "iPhone Developer";
				COPY_PHASE_STRIP = NO;
				DEBUG_INFORMATION_FORMAT = dwarf;
				ENABLE_STRICT_OBJC_MSGSEND = YES;
				ENABLE_TESTABILITY = YES;
				GCC_C_LANGUAGE_STANDARD = gnu11;
				GCC_DYNAMIC_NO_PIC = NO;
				GCC_NO_COMMON_BLOCKS = YES;
				GCC_OPTIMIZATION_LEVEL = 0;
				GCC_PREPROCESSOR_DEFINITIONS = (
					"DEBUG=1",
					"$(inherited)",
				);
				GCC_WARN_64_TO_32_BIT_CONVERSION = YES;
				GCC_WARN_ABOUT_RETURN_TYPE = YES_ERROR;
				GCC_WARN_UNDECLARED_SELECTOR = YES;
				GCC_WARN_UNINITIALIZED_AUTOS = YES_AGGRESSIVE;
				GCC_WARN_UNUSED_FUNCTION = YES;
				GCC_WARN_UNUSED_VARIABLE = YES;
				IPHONEOS_DEPLOYMENT_TARGET = 11.1;
				MTL_ENABLE_DEBUG_INFO = YES;
				ONLY_ACTIVE_ARCH = YES;
				SDKROOT = iphoneos;
			};
			name = Debug;
		};
		185834791F869AC300C868C1 /* Release */ = {
			isa = XCBuildConfiguration;
			buildSettings = {
				ALWAYS_SEARCH_USER_PATHS = NO;
				CLANG_ANALYZER_NONNULL = YES;
				CLANG_ANALYZER_NUMBER_OBJECT_CONVERSION = YES_AGGRESSIVE;
				CLANG_CXX_LANGUAGE_STANDARD = "gnu++14";
				CLANG_CXX_LIBRARY = "libc++";
				CLANG_ENABLE_MODULES = YES;
				CLANG_ENABLE_OBJC_ARC = YES;
				CLANG_WARN_BLOCK_CAPTURE_AUTORELEASING = YES;
				CLANG_WARN_BOOL_CONVERSION = YES;
				CLANG_WARN_COMMA = YES;
				CLANG_WARN_CONSTANT_CONVERSION = YES;
				CLANG_WARN_DIRECT_OBJC_ISA_USAGE = YES_ERROR;
				CLANG_WARN_DOCUMENTATION_COMMENTS = YES;
				CLANG_WARN_EMPTY_BODY = YES;
				CLANG_WARN_ENUM_CONVERSION = YES;
				CLANG_WARN_INFINITE_RECURSION = YES;
				CLANG_WARN_INT_CONVERSION = YES;
				CLANG_WARN_NON_LITERAL_NULL_CONVERSION = YES;
				CLANG_WARN_OBJC_LITERAL_CONVERSION = YES;
				CLANG_WARN_OBJC_ROOT_CLASS = YES_ERROR;
				CLANG_WARN_RANGE_LOOP_ANALYSIS = YES;
				CLANG_WARN_STRICT_PROTOTYPES = YES;
				CLANG_WARN_SUSPICIOUS_MOVE = YES;
				CLANG_WARN_UNGUARDED_AVAILABILITY = YES_AGGRESSIVE;
				CLANG_WARN_UNREACHABLE_CODE = YES;
				CLANG_WARN__DUPLICATE_METHOD_MATCH = YES;
				CODE_SIGN_IDENTITY = "iPhone Developer";
				COPY_PHASE_STRIP = NO;
				DEBUG_INFORMATION_FORMAT = "dwarf-with-dsym";
				ENABLE_NS_ASSERTIONS = NO;
				ENABLE_STRICT_OBJC_MSGSEND = YES;
				GCC_C_LANGUAGE_STANDARD = gnu11;
				GCC_NO_COMMON_BLOCKS = YES;
				GCC_WARN_64_TO_32_BIT_CONVERSION = YES;
				GCC_WARN_ABOUT_RETURN_TYPE = YES_ERROR;
				GCC_WARN_UNDECLARED_SELECTOR = YES;
				GCC_WARN_UNINITIALIZED_AUTOS = YES_AGGRESSIVE;
				GCC_WARN_UNUSED_FUNCTION = YES;
				GCC_WARN_UNUSED_VARIABLE = YES;
				IPHONEOS_DEPLOYMENT_TARGET = 11.1;
				MTL_ENABLE_DEBUG_INFO = NO;
				SDKROOT = iphoneos;
				VALIDATE_PRODUCT = YES;
			};
			name = Release;
		};
		1858347B1F869AC300C868C1 /* Debug */ = {
			isa = XCBuildConfiguration;
			buildSettings = {
				ASSETCATALOG_COMPILER_APPICON_NAME = AppIcon;
				CODE_SIGN_STYLE = Automatic;
				DEVELOPMENT_TEAM = NKW67GFDHM;
				INFOPLIST_FILE = CustomGPS/Info.plist;
				LD_RUNPATH_SEARCH_PATHS = "$(inherited) @executable_path/Frameworks";
				PRODUCT_BUNDLE_IDENTIFIER = com.ossey.CustomGPS;
				PRODUCT_NAME = "$(TARGET_NAME)";
				TARGETED_DEVICE_FAMILY = "1,2";
			};
			name = Debug;
		};
		1858347C1F869AC300C868C1 /* Release */ = {
			isa = XCBuildConfiguration;
			buildSettings = {
				ASSETCATALOG_COMPILER_APPICON_NAME = AppIcon;
				CODE_SIGN_STYLE = Automatic;
				DEVELOPMENT_TEAM = NKW67GFDHM;
				INFOPLIST_FILE = CustomGPS/Info.plist;
				LD_RUNPATH_SEARCH_PATHS = "$(inherited) @executable_path/Frameworks";
				PRODUCT_BUNDLE_IDENTIFIER = com.ossey.CustomGPS;
				PRODUCT_NAME = "$(TARGET_NAME)";
				TARGETED_DEVICE_FAMILY = "1,2";
			};
			name = Release;
		};
/* End XCBuildConfiguration section */

/* Begin XCConfigurationList section */
		1858345F1F869AC300C868C1 /* Build configuration list for PBXProject "CustomGPS" */ = {
			isa = XCConfigurationList;
			buildConfigurations = (
				185834781F869AC300C868C1 /* Debug */,
				185834791F869AC300C868C1 /* Release */,
			);
			defaultConfigurationIsVisible = 0;
			defaultConfigurationName = Release;
		};
		1858347A1F869AC300C868C1 /* Build configuration list for PBXNativeTarget "CustomGPS" */ = {
			isa = XCConfigurationList;
			buildConfigurations = (
				1858347B1F869AC300C868C1 /* Debug */,
				1858347C1F869AC300C868C1 /* Release */,
			);
			defaultConfigurationIsVisible = 0;
			defaultConfigurationName = Release;
		};
/* End XCConfigurationList section */
	};
	rootObject = 1858345C1F869AC300C868C1 /* Project object */;
}
